
Microsoft Visual Studio Solution File, Format Version 12.00
# Visual Studio Version 17
VisualStudioVersion = 17.0.31919.166
MinimumVisualStudioVersion = 10.0.40219.1
Project("{FAE04EC0-301F-11D3-BF4B-00C04F79EFBC}") = "WebApplication1", "WebApplication1.csproj", "{339DAC8D-0259-4E81-AE5D-CDCAA203B142}"
EndProject
Global
	GlobalSection(SolutionConfigurationPlatforms) = preSolution
		Debug|Any CPU = Debug|Any CPU
		Release|Any CPU = Release|Any CPU
	EndGlobalSection
	GlobalSection(ProjectConfigurationPlatforms) = postSolution
		{339DAC8D-0259-4E81-AE5D-CDCAA203B142}.Debug|Any CPU.ActiveCfg = Debug|Any CPU
		{339DAC8D-0259-4E81-AE5D-CDCAA203B142}.Debug|Any CPU.Build.0 = Debug|Any CPU
		{339DAC8D-0259-4E81-AE5D-CDCAA203B142}.Release|Any CPU.ActiveCfg = Release|Any CPU
		{339DAC8D-0259-4E81-AE5D-CDCAA203B142}.Release|Any CPU.Build.0 = Release|Any CPU
	EndGlobalSection
	GlobalSection(SolutionProperties) = preSolution
		HideSolutionNode = FALSE
	EndGlobalSection
	GlobalSection(ExtensibilityGlobals) = postSolution
		SolutionGuid = {C044C121-EC5B-426D-AF3F-B9844E50052C}
	EndGlobalSection
EndGlobal
